// !$*UTF8*$!
{
	archiveVersion = 1;
	classes = {
	};
	objectVersion = 56;
	objects = {

/* Begin PBXBuildFile section */
		09854F002A3FEBFA00246A35 /* RouterForViewModelPart1App.swift in Sources */ = {isa = PBXBuildFile; fileRef = 09854EFF2A3FEBFA00246A35 /* RouterForViewModelPart1App.swift */; };
		09854F022A3FEBFA00246A35 /* ContentView.swift in Sources */ = {isa = PBXBuildFile; fileRef = 09854F012A3FEBFA00246A35 /* ContentView.swift */; };
		09854F042A3FEBFC00246A35 /* Assets.xcassets in Resources */ = {isa = PBXBuildFile; fileRef = 09854F032A3FEBFC00246A35 /* Assets.xcassets */; };
		09854F072A3FEBFC00246A35 /* Preview Assets.xcassets in Resources */ = {isa = PBXBuildFile; fileRef = 09854F062A3FEBFC00246A35 /* Preview Assets.xcassets */; };
		09854F0F2A3FED6E00246A35 /* Router.swift in Sources */ = {isa = PBXBuildFile; fileRef = 09854F0E2A3FED6E00246A35 /* Router.swift */; };
		09854F152A3FEEC000246A35 /* UpdateProfileView.swift in Sources */ = {isa = PBXBuildFile; fileRef = 09854F142A3FEEC000246A35 /* UpdateProfileView.swift */; };
		09854F172A3FEEF700246A35 /* DashboardView.swift in Sources */ = {isa = PBXBuildFile; fileRef = 09854F162A3FEEF700246A35 /* DashboardView.swift */; };
		09854F1B2A41D47E00246A35 /* ViewModel.swift in Sources */ = {isa = PBXBuildFile; fileRef = 09854F1A2A41D47E00246A35 /* ViewModel.swift */; };
/* End PBXBuildFile section */

/* Begin PBXFileReference section */
		09854EFC2A3FEBFA00246A35 /* RouterForViewModelPart1.app */ = {isa = PBXFileReference; explicitFileType = wrapper.application; includeInIndex = 0; path = RouterForViewModelPart1.app; sourceTree = BUILT_PRODUCTS_DIR; };
		09854EFF2A3FEBFA00246A35 /* RouterForViewModelPart1App.swift */ = {isa = PBXFileReference; lastKnownFileType = sourcecode.swift; path = RouterForViewModelPart1App.swift; sourceTree = "<group>"; };
		09854F012A3FEBFA00246A35 /* ContentView.swift */ = {isa = PBXFileReference; lastKnownFileType = sourcecode.swift; path = ContentView.swift; sourceTree = "<group>"; };
		09854F032A3FEBFC00246A35 /* Assets.xcassets */ = {isa = PBXFileReference; lastKnownFileType = folder.assetcatalog; path = Assets.xcassets; sourceTree = "<group>"; };
		09854F062A3FEBFC00246A35 /* Preview Assets.xcassets */ = {isa = PBXFileReference; lastKnownFileType = folder.assetcatalog; path = "Preview Assets.xcassets"; sourceTree = "<group>"; };
		09854F0E2A3FED6E00246A35 /* Router.swift */ = {isa = PBXFileReference; lastKnownFileType = sourcecode.swift; path = Router.swift; sourceTree = "<group>"; };
		09854F142A3FEEC000246A35 /* UpdateProfileView.swift */ = {isa = PBXFileReference; lastKnownFileType = sourcecode.swift; path = UpdateProfileView.swift; sourceTree = "<group>"; };
		09854F162A3FEEF700246A35 /* DashboardView.swift */ = {isa = PBXFileReference; lastKnownFileType = sourcecode.swift; path = DashboardView.swift; sourceTree = "<group>"; };
		09854F1A2A41D47E00246A35 /* ViewModel.swift */ = {isa = PBXFileReference; lastKnownFileType = sourcecode.swift; path = ViewModel.swift; sourceTree = "<group>"; };
/* End PBXFileReference section */

/* Begin PBXFrameworksBuildPhase section */
		09854EF92A3FEBFA00246A35 /* Frameworks */ = {
			isa = PBXFrameworksBuildPhase;
			buildActionMask = 2147483647;
			files = (
			);
			runOnlyForDeploymentPostprocessing = 0;
		};
/* End PBXFrameworksBuildPhase section */

/* Begin PBXGroup section */
		09854EF32A3FEBFA00246A35 = {
			isa = PBXGroup;
			children = (
				09854EFE2A3FEBFA00246A35 /* RouterForViewModelPart1 */,
				09854EFD2A3FEBFA00246A35 /* Products */,
			);
			sourceTree = "<group>";
		};
		09854EFD2A3FEBFA00246A35 /* Products */ = {
			isa = PBXGroup;
			children = (
				09854EFC2A3FEBFA00246A35 /* RouterForViewModelPart1.app */,
			);
			name = Products;
			sourceTree = "<group>";
		};
		09854EFE2A3FEBFA00246A35 /* RouterForViewModelPart1 */ = {
			isa = PBXGroup;
			children = (
				09854F132A3FEE5F00246A35 /* Views */,
				09854F102A3FED9A00246A35 /* ViewModel */,
				09854F0D2A3FED5F00246A35 /* Router */,
				09854EFF2A3FEBFA00246A35 /* RouterForViewModelPart1App.swift */,
				09854F032A3FEBFC00246A35 /* Assets.xcassets */,
				09854F052A3FEBFC00246A35 /* Preview Content */,
			);
			path = RouterForViewModelPart1;
			sourceTree = "<group>";
		};
		09854F052A3FEBFC00246A35 /* Preview Content */ = {
			isa = PBXGroup;
			children = (
				09854F062A3FEBFC00246A35 /* Preview Assets.xcassets */,
			);
			path = "Preview Content";
			sourceTree = "<group>";
		};
		09854F0D2A3FED5F00246A35 /* Router */ = {
			isa = PBXGroup;
			children = (
				09854F0E2A3FED6E00246A35 /* Router.swift */,
			);
			path = Router;
			sourceTree = "<group>";
		};
		09854F102A3FED9A00246A35 /* ViewModel */ = {
			isa = PBXGroup;
			children = (
				09854F1A2A41D47E00246A35 /* ViewModel.swift */,
			);
			path = ViewModel;
			sourceTree = "<group>";
		};
		09854F132A3FEE5F00246A35 /* Views */ = {
			isa = PBXGroup;
			children = (
				09854F012A3FEBFA00246A35 /* ContentView.swift */,
				09854F142A3FEEC000246A35 /* UpdateProfileView.swift */,
				09854F162A3FEEF700246A35 /* DashboardView.swift */,
			);
			path = Views;
			sourceTree = "<group>";
		};
/* End PBXGroup section */

/* Begin PBXNativeTarget section */
		09854EFB2A3FEBFA00246A35 /* RouterForViewModelPart1 */ = {
			isa = PBXNativeTarget;
			buildConfigurationList = 09854F0A2A3FEBFC00246A35 /* Build configuration list for PBXNativeTarget "RouterForViewModelPart1" */;
			buildPhases = (
				09854EF82A3FEBFA00246A35 /* Sources */,
				09854EF92A3FEBFA00246A35 /* Frameworks */,
				09854EFA2A3FEBFA00246A35 /* Resources */,
			);
			buildRules = (
			);
			dependencies = (
			);
			name = RouterForViewModelPart1;
			productName = RouterForViewModelPart1;
			productReference = 09854EFC2A3FEBFA00246A35 /* RouterForViewModelPart1.app */;
			productType = "com.apple.product-type.application";
		};
/* End PBXNativeTarget section */

/* Begin PBXProject section */
		09854EF42A3FEBFA00246A35 /* Project object */ = {
			isa = PBXProject;
			attributes = {
				BuildIndependentTargetsInParallel = 1;
				LastSwiftUpdateCheck = 1420;
				LastUpgradeCheck = 1420;
				TargetAttributes = {
					09854EFB2A3FEBFA00246A35 = {
						CreatedOnToolsVersion = 14.2;
					};
				};
			};
			buildConfigurationList = 09854EF72A3FEBFA00246A35 /* Build configuration list for PBXProject "RouterForViewModelPart1" */;
			compatibilityVersion = "Xcode 14.0";
			developmentRegion = en;
			hasScannedForEncodings = 0;
			knownRegions = (
				en,
				Base,
			);
			mainGroup = 09854EF32A3FEBFA00246A35;
			productRefGroup = 09854EFD2A3FEBFA00246A35 /* Products */;
			projectDirPath = "";
			projectRoot = "";
			targets = (
				09854EFB2A3FEBFA00246A35 /* RouterForViewModelPart1 */,
			);
		};
/* End PBXProject section */

/* Begin PBXResourcesBuildPhase section */
		09854EFA2A3FEBFA00246A35 /* Resources */ = {
			isa = PBXResourcesBuildPhase;
			buildActionMask = 2147483647;
			files = (
				09854F072A3FEBFC00246A35 /* Preview Assets.xcassets in Resources */,
				09854F042A3FEBFC00246A35 /* Assets.xcassets in Resources */,
			);
			runOnlyForDeploymentPostprocessing = 0;
		};
/* End PBXResourcesBuildPhase section */

/* Begin PBXSourcesBuildPhase section */
		09854EF82A3FEBFA00246A35 /* Sources */ = {
			isa = PBXSourcesBuildPhase;
			buildActionMask = 2147483647;
			files = (
				09854F022A3FEBFA00246A35 /* ContentView.swift in Sources */,
				09854F172A3FEEF700246A35 /* DashboardView.swift in Sources */,
				09854F152A3FEEC000246A35 /* UpdateProfileView.swift in Sources */,
				09854F0F2A3FED6E00246A35 /* Router.swift in Sources */,
				09854F1B2A41D47E00246A35 /* ViewModel.swift in Sources */,
				09854F002A3FEBFA00246A35 /* RouterForViewModelPart1App.swift in Sources */,
			);
			runOnlyForDeploymentPostprocessing = 0;
		};
/* End PBXSourcesBuildPhase section */

/* Begin XCBuildConfiguration section */
		09854F082A3FEBFC00246A35 /* Debug */ = {
			isa = XCBuildConfiguration;
			buildSettings = {
				ALWAYS_SEARCH_USER_PATHS = NO;
				CLANG_ANALYZER_NONNULL = YES;
				CLANG_ANALYZER_NUMBER_OBJECT_CONVERSION = YES_AGGRESSIVE;
				CLANG_CXX_LANGUAGE_STANDARD = "gnu++20";
				CLANG_ENABLE_MODULES = YES;
				CLANG_ENABLE_OBJC_ARC = YES;
				CLANG_ENABLE_OBJC_WEAK = YES;
				CLANG_WARN_BLOCK_CAPTURE_AUTORELEASING = YES;
				CLANG_WARN_BOOL_CONVERSION = YES;
				CLANG_WARN_COMMA = YES;
				CLANG_WARN_CONSTANT_CONVERSION = YES;
				CLANG_WARN_DEPRECATED_OBJC_IMPLEMENTATIONS = YES;
				CLANG_WARN_DIRECT_OBJC_ISA_USAGE = YES_ERROR;
				CLANG_WARN_DOCUMENTATION_COMMENTS = YES;
				CLANG_WARN_EMPTY_BODY = YES;
				CLANG_WARN_ENUM_CONVERSION = YES;
				CLANG_WARN_INFINITE_RECURSION = YES;
				CLANG_WARN_INT_CONVERSION = YES;
				CLANG_WARN_NON_LITERAL_NULL_CONVERSION = YES;
				CLANG_WARN_OBJC_IMPLICIT_RETAIN_SELF = YES;
				CLANG_WARN_OBJC_LITERAL_CONVERSION = YES;
				CLANG_WARN_OBJC_ROOT_CLASS = YES_ERROR;
				CLANG_WARN_QUOTED_INCLUDE_IN_FRAMEWORK_HEADER = YES;
				CLANG_WARN_RANGE_LOOP_ANALYSIS = YES;
				CLANG_WARN_STRICT_PROTOTYPES = YES;
				CLANG_WARN_SUSPICIOUS_MOVE = YES;
				CLANG_WARN_UNGUARDED_AVAILABILITY = YES_AGGRESSIVE;
				CLANG_WARN_UNREACHABLE_CODE = YES;
				CLANG_WARN__DUPLICATE_METHOD_MATCH = YES;
				COPY_PHASE_STRIP = NO;
				DEBUG_INFORMATION_FORMAT = dwarf;
				ENABLE_STRICT_OBJC_MSGSEND = YES;
				ENABLE_TESTABILITY = YES;
				GCC_C_LANGUAGE_STANDARD = gnu11;
				GCC_DYNAMIC_NO_PIC = NO;
				GCC_NO_COMMON_BLOCKS = YES;
				GCC_OPTIMIZATION_LEVEL = 0;
				GCC_PREPROCESSOR_DEFINITIONS = (
					"DEBUG=1",
					"$(inherited)",
				);
				GCC_WARN_64_TO_32_BIT_CONVERSION = YES;
				GCC_WARN_ABOUT_RETURN_TYPE = YES_ERROR;
				GCC_WARN_UNDECLARED_SELECTOR = YES;
				GCC_WARN_UNINITIALIZED_AUTOS = YES_AGGRESSIVE;
				GCC_WARN_UNUSED_FUNCTION = YES;
				GCC_WARN_UNUSED_VARIABLE = YES;
				IPHONEOS_DEPLOYMENT_TARGET = 16.2;
				MTL_ENABLE_DEBUG_INFO = INCLUDE_SOURCE;
				MTL_FAST_MATH = YES;
				ONLY_ACTIVE_ARCH = YES;
				SDKROOT = iphoneos;
				SWIFT_ACTIVE_COMPILATION_CONDITIONS = DEBUG;
				SWIFT_OPTIMIZATION_LEVEL = "-Onone";
			};
			name = Debug;
		};
		09854F092A3FEBFC00246A35 /* Release */ = {
			isa = XCBuildConfiguration;
			buildSettings = {
				ALWAYS_SEARCH_USER_PATHS = NO;
				CLANG_ANALYZER_NONNULL = YES;
				CLANG_ANALYZER_NUMBER_OBJECT_CONVERSION = YES_AGGRESSIVE;
				CLANG_CXX_LANGUAGE_STANDARD = "gnu++20";
				CLANG_ENABLE_MODULES = YES;
				CLANG_ENABLE_OBJC_ARC = YES;
				CLANG_ENABLE_OBJC_WEAK = YES;
				CLANG_WARN_BLOCK_CAPTURE_AUTORELEASING = YES;
				CLANG_WARN_BOOL_CONVERSION = YES;
				CLANG_WARN_COMMA = YES;
				CLANG_WARN_CONSTANT_CONVERSION = YES;
				CLANG_WARN_DEPRECATED_OBJC_IMPLEMENTATIONS = YES;
				CLANG_WARN_DIRECT_OBJC_ISA_USAGE = YES_ERROR;
				CLANG_WARN_DOCUMENTATION_COMMENTS = YES;
				CLANG_WARN_EMPTY_BODY = YES;
				CLANG_WARN_ENUM_CONVERSION = YES;
				CLANG_WARN_INFINITE_RECURSION = YES;
				CLANG_WARN_INT_CONVERSION = YES;
				CLANG_WARN_NON_LITERAL_NULL_CONVERSION = YES;
				CLANG_WARN_OBJC_IMPLICIT_RETAIN_SELF = YES;
				CLANG_WARN_OBJC_LITERAL_CONVERSION = YES;
				CLANG_WARN_OBJC_ROOT_CLASS = YES_ERROR;
				CLANG_WARN_QUOTED_INCLUDE_IN_FRAMEWORK_HEADER = YES;
				CLANG_WARN_RANGE_LOOP_ANALYSIS = YES;
				CLANG_WARN_STRICT_PROTOTYPES = YES;
				CLANG_WARN_SUSPICIOUS_MOVE = YES;
				CLANG_WARN_UNGUARDED_AVAILABILITY = YES_AGGRESSIVE;
				CLANG_WARN_UNREACHABLE_CODE = YES;
				CLANG_WARN__DUPLICATE_METHOD_MATCH = YES;
				COPY_PHASE_STRIP = NO;
				DEBUG_INFORMATION_FORMAT = "dwarf-with-dsym";
				ENABLE_NS_ASSERTIONS = NO;
				ENABLE_STRICT_OBJC_MSGSEND = YES;
				GCC_C_LANGUAGE_STANDARD = gnu11;
				GCC_NO_COMMON_BLOCKS = YES;
				GCC_WARN_64_TO_32_BIT_CONVERSION = YES;
				GCC_WARN_ABOUT_RETURN_TYPE = YES_ERROR;
				GCC_WARN_UNDECLARED_SELECTOR = YES;
				GCC_WARN_UNINITIALIZED_AUTOS = YES_AGGRESSIVE;
				GCC_WARN_UNUSED_FUNCTION = YES;
				GCC_WARN_UNUSED_VARIABLE = YES;
				IPHONEOS_DEPLOYMENT_TARGET = 16.2;
				MTL_ENABLE_DEBUG_INFO = NO;
				MTL_FAST_MATH = YES;
				SDKROOT = iphoneos;
				SWIFT_COMPILATION_MODE = wholemodule;
				SWIFT_OPTIMIZATION_LEVEL = "-O";
				VALIDATE_PRODUCT = YES;
			};
			name = Release;
		};
		09854F0B2A3FEBFC00246A35 /* Debug */ = {
			isa = XCBuildConfiguration;
			buildSettings = {
				ASSETCATALOG_COMPILER_APPICON_NAME = AppIcon;
				ASSETCATALOG_COMPILER_GLOBAL_ACCENT_COLOR_NAME = AccentColor;
				CODE_SIGN_STYLE = Automatic;
				CURRENT_PROJECT_VERSION = 1;
				DEVELOPMENT_ASSET_PATHS = "\"RouterForViewModelPart1/Preview Content\"";
				DEVELOPMENT_TEAM = 93TAG27MAJ;
				ENABLE_PREVIEWS = YES;
				GENERATE_INFOPLIST_FILE = YES;
				INFOPLIST_KEY_UIApplicationSceneManifest_Generation = YES;
				INFOPLIST_KEY_UIApplicationSupportsIndirectInputEvents = YES;
				INFOPLIST_KEY_UILaunchScreen_Generation = YES;
				INFOPLIST_KEY_UISupportedInterfaceOrientations_iPad = "UIInterfaceOrientationPortrait UIInterfaceOrientationPortraitUpsideDown UIInterfaceOrientationLandscapeLeft UIInterfaceOrientationLandscapeRight";
				INFOPLIST_KEY_UISupportedInterfaceOrientations_iPhone = "UIInterfaceOrientationPortrait UIInterfaceOrientationLandscapeLeft UIInterfaceOrientationLandscapeRight";
				LD_RUNPATH_SEARCH_PATHS = (
					"$(inherited)",
					"@executable_path/Frameworks",
				);
				MARKETING_VERSION = 1.0;
				PRODUCT_BUNDLE_IDENTIFIER = com.GroverTech.RouterForViewModelPart1;
				PRODUCT_NAME = "$(TARGET_NAME)";
				SWIFT_EMIT_LOC_STRINGS = YES;
				SWIFT_VERSION = 5.0;
				TARGETED_DEVICE_FAMILY = "1,2";
			};
			name = Debug;
		};
		09854F0C2A3FEBFC00246A35 /* Release */ = {
			isa = XCBuildConfiguration;
			buildSettings = {
				ASSETCATALOG_COMPILER_APPICON_NAME = AppIcon;
				ASSETCATALOG_COMPILER_GLOBAL_ACCENT_COLOR_NAME = AccentColor;
				CODE_SIGN_STYLE = Automatic;
				CURRENT_PROJECT_VERSION = 1;
				DEVELOPMENT_ASSET_PATHS = "\"RouterForViewModelPart1/Preview Content\"";
				DEVELOPMENT_TEAM = 93TAG27MAJ;
				ENABLE_PREVIEWS = YES;
				GENERATE_INFOPLIST_FILE = YES;
				INFOPLIST_KEY_UIApplicationSceneManifest_Generation = YES;
				INFOPLIST_KEY_UIApplicationSupportsIndirectInputEvents = YES;
				INFOPLIST_KEY_UILaunchScreen_Generation = YES;
				INFOPLIST_KEY_UISupportedInterfaceOrientations_iPad = "UIInterfaceOrientationPortrait UIInterfaceOrientationPortraitUpsideDown UIInterfaceOrientationLandscapeLeft UIInterfaceOrientationLandscapeRight";
				INFOPLIST_KEY_UISupportedInterfaceOrientations_iPhone = "UIInterfaceOrientationPortrait UIInterfaceOrientationLandscapeLeft UIInterfaceOrientationLandscapeRight";
				LD_RUNPATH_SEARCH_PATHS = (
					"$(inherited)",
					"@executable_path/Frameworks",
				);
				MARKETING_VERSION = 1.0;
				PRODUCT_BUNDLE_IDENTIFIER = com.GroverTech.RouterForViewModelPart1;
				PRODUCT_NAME = "$(TARGET_NAME)";
				SWIFT_EMIT_LOC_STRINGS = YES;
				SWIFT_VERSION = 5.0;
				TARGETED_DEVICE_FAMILY = "1,2";
			};
			name = Release;
		};
/* End XCBuildConfiguration section */

/* Begin XCConfigurationList section */
		09854EF72A3FEBFA00246A35 /* Build configuration list for PBXProject "RouterForViewModelPart1" */ = {
			isa = XCConfigurationList;
			buildConfigurations = (
				09854F082A3FEBFC00246A35 /* Debug */,
				09854F092A3FEBFC00246A35 /* Release */,
			);
			defaultConfigurationIsVisible = 0;
			defaultConfigurationName = Release;
		};
		09854F0A2A3FEBFC00246A35 /* Build configuration list for PBXNativeTarget "RouterForViewModelPart1" */ = {
			isa = XCConfigurationList;
			buildConfigurations = (
				09854F0B2A3FEBFC00246A35 /* Debug */,
				09854F0C2A3FEBFC00246A35 /* Release */,
			);
			defaultConfigurationIsVisible = 0;
			defaultConfigurationName = Release;
		};
/* End XCConfigurationList section */
	};
	rootObject = 09854EF42A3FEBFA00246A35 /* Project object */;
}
